// !$*UTF8*$!
{
	archiveVersion = 1;
	classes = {
	};
	objectVersion = 56;
	objects = {

/* Begin PBXBuildFile section */
		2042424C2C0D534C00D173CF /* IndexedDirectory.swift in Sources */ = {isa = PBXBuildFile; fileRef = 204242462C0D534C00D173CF /* IndexedDirectory.swift */; };
		2042424D2C0D534C00D173CF /* IndexItem.swift in Sources */ = {isa = PBXBuildFile; fileRef = 204242472C0D534C00D173CF /* IndexItem.swift */; };
		2042424E2C0D534C00D173CF /* IndexStore.swift in Sources */ = {isa = PBXBuildFile; fileRef = 204242482C0D534C00D173CF /* IndexStore.swift */; };
		2042424F2C0D534C00D173CF /* ContainerManager.swift in Sources */ = {isa = PBXBuildFile; fileRef = 2042424A2C0D534C00D173CF /* ContainerManager.swift */; };
		204242522C0D54AA00D173CF /* SimilaritySearchKit in Frameworks */ = {isa = PBXBuildFile; productRef = 204242512C0D54AA00D173CF /* SimilaritySearchKit */; };
		204242542C0D54AA00D173CF /* SimilaritySearchKitDistilbert in Frameworks */ = {isa = PBXBuildFile; productRef = 204242532C0D54AA00D173CF /* SimilaritySearchKitDistilbert */; };
		204242582C0D563100D173CF /* ExtensionKit in Frameworks */ = {isa = PBXBuildFile; productRef = 204242572C0D563100D173CF /* ExtensionKit */; };
		2042425A2C0D57A700D173CF /* Extension+String.swift in Sources */ = {isa = PBXBuildFile; fileRef = 204242592C0D57A700D173CF /* Extension+String.swift */; };
		2042425E2C0D5BEE00D173CF /* AppleGPUInfo in Frameworks */ = {isa = PBXBuildFile; productRef = 2042425D2C0D5BEE00D173CF /* AppleGPUInfo */; };
		204242602C0D99D300D173CF /* IndexPicker.swift in Sources */ = {isa = PBXBuildFile; fileRef = 2042425F2C0D99D300D173CF /* IndexPicker.swift */; };
		204242632C0DB5C100D173CF /* BezelNotification in Frameworks */ = {isa = PBXBuildFile; productRef = 204242622C0DB5C100D173CF /* BezelNotification */; };
		204242662C0E1C7D00D173CF /* LengthyTasksView.swift in Sources */ = {isa = PBXBuildFile; fileRef = 204242652C0E1C7D00D173CF /* LengthyTasksView.swift */; };
		204242692C0E1CB800D173CF /* LengthyTask.swift in Sources */ = {isa = PBXBuildFile; fileRef = 204242682C0E1CB800D173CF /* LengthyTask.swift */; };
		2042426B2C0E1D3000D173CF /* LengthyTasksController.swift in Sources */ = {isa = PBXBuildFile; fileRef = 2042426A2C0E1D3000D173CF /* LengthyTasksController.swift */; };
		2042426D2C0E2C2600D173CF /* LoadingAnimationView.swift in Sources */ = {isa = PBXBuildFile; fileRef = 2042426C2C0E2C2600D173CF /* LoadingAnimationView.swift */; };
		2078A9442C11598400D9ACDD /* ConversationController.swift in Sources */ = {isa = PBXBuildFile; fileRef = 2078A9432C11598400D9ACDD /* ConversationController.swift */; };
		2085D6A92C0FEE5300774EDD /* Extension+URL.swift in Sources */ = {isa = PBXBuildFile; fileRef = 2085D6A82C0FEE5300774EDD /* Extension+URL.swift */; };
		20884D1A2C7DA2BC00B127E1 /* MarkdownUI in Frameworks */ = {isa = PBXBuildFile; productRef = 20884D192C7DA2BC00B127E1 /* MarkdownUI */; };
		20884D1C2C7DB36100B127E1 /* freechat-server in Resources */ = {isa = PBXBuildFile; fileRef = 20884D1B2C7DB36100B127E1 /* freechat-server */; };
		208D82A02C11842300E8AB01 /* BottomToolbarPanel.swift in Sources */ = {isa = PBXBuildFile; fileRef = 208D829F2C11842300E8AB01 /* BottomToolbarPanel.swift */; };
		209764B72C1205FE001C3BF8 /* CapsuleButtonStyle.swift in Sources */ = {isa = PBXBuildFile; fileRef = 209764B62C1205FE001C3BF8 /* CapsuleButtonStyle.swift */; };
		209764B92C12A98B001C3BF8 /* ActionManager.swift in Sources */ = {isa = PBXBuildFile; fileRef = 209764B82C12A98B001C3BF8 /* ActionManager.swift */; };
		209764BC2C12AA31001C3BF8 /* Action.swift in Sources */ = {isa = PBXBuildFile; fileRef = 209764BB2C12AA31001C3BF8 /* Action.swift */; };
		209764C12C12B2BF001C3BF8 /* SQLite in Frameworks */ = {isa = PBXBuildFile; productRef = 209764C02C12B2BF001C3BF8 /* SQLite */; };
		209764C32C12C3A8001C3BF8 /* Shortcut.swift in Sources */ = {isa = PBXBuildFile; fileRef = 209764C22C12C3A8001C3BF8 /* Shortcut.swift */; };
		209764C72C12C63D001C3BF8 /* OpenWindow.swift in Sources */ = {isa = PBXBuildFile; fileRef = 209764C62C12C63D001C3BF8 /* OpenWindow.swift */; };
		209764CB2C12CB8F001C3BF8 /* ActionsView.swift in Sources */ = {isa = PBXBuildFile; fileRef = 209764CA2C12CB8F001C3BF8 /* ActionsView.swift */; };
		209764CD2C12D713001C3BF8 /* NewActionSheet.swift in Sources */ = {isa = PBXBuildFile; fileRef = 209764CC2C12D713001C3BF8 /* NewActionSheet.swift */; };
		209764CF2C12E551001C3BF8 /* ActionDetailView.swift in Sources */ = {isa = PBXBuildFile; fileRef = 209764CE2C12E551001C3BF8 /* ActionDetailView.swift */; };
		209764D12C132F2A001C3BF8 /* ActionTestInputView.swift in Sources */ = {isa = PBXBuildFile; fileRef = 209764D02C132F2A001C3BF8 /* ActionTestInputView.swift */; };
		20A9AE272C11FEF8005B15E6 /* ChatStyle.swift in Sources */ = {isa = PBXBuildFile; fileRef = 20A9AE262C11FEF8005B15E6 /* ChatStyle.swift */; };
		20C3ED8A2C116D6F00097FBF /* Shimmer in Frameworks */ = {isa = PBXBuildFile; productRef = 20C3ED892C116D6F00097FBF /* Shimmer */; };
		A1156D312AD09FDD00081313 /* PromptTemplateTests.swift in Sources */ = {isa = PBXBuildFile; fileRef = A1156D302AD09FDD00081313 /* PromptTemplateTests.swift */; };
		A12B52DE2AA5228100658707 /* EditModels.swift in Sources */ = {isa = PBXBuildFile; fileRef = A12B52DD2AA5228100658707 /* EditModels.swift */; };
		A12B52E42AA5A99E00658707 /* EditSystemPrompt.swift in Sources */ = {isa = PBXBuildFile; fileRef = A12B52E32AA5A99E00658707 /* EditSystemPrompt.swift */; };
		A12FAAEC2AC5E0C0006ACC43 /* WelcomeSheet.swift in Sources */ = {isa = PBXBuildFile; fileRef = A12FAAEB2AC5E0C0006ACC43 /* WelcomeSheet.swift */; };
		A12FAAF02AC638DE006ACC43 /* DownloadManager.swift in Sources */ = {isa = PBXBuildFile; fileRef = A12FAAEF2AC638DE006ACC43 /* DownloadManager.swift */; };
		A137A37C2AB3D26C00BE1AE0 /* ObservableScrollView.swift in Sources */ = {isa = PBXBuildFile; fileRef = A137A37B2AB3D26C00BE1AE0 /* ObservableScrollView.swift */; };
		A137A38C2AB6B2F800BE1AE0 /* KeyboardShortcuts in Frameworks */ = {isa = PBXBuildFile; productRef = A137A38B2AB6B2F800BE1AE0 /* KeyboardShortcuts */; };
		A137A38E2AB6B52400BE1AE0 /* Constants.swift in Sources */ = {isa = PBXBuildFile; fileRef = A137A38D2AB6B52400BE1AE0 /* Constants.swift */; };
		A13C8C5A2A8FEEE400EC18D8 /* SplashCodeSyntaxHighlighter.swift in Sources */ = {isa = PBXBuildFile; fileRef = A13C8C592A8FEEE400EC18D8 /* SplashCodeSyntaxHighlighter.swift */; };
		A13C8C5D2A8FEF0600EC18D8 /* Splash in Frameworks */ = {isa = PBXBuildFile; productRef = A13C8C5C2A8FEF0600EC18D8 /* Splash */; };
		A13C8C602A8FF03800EC18D8 /* TextOutputFormat.swift in Sources */ = {isa = PBXBuildFile; fileRef = A13C8C5F2A8FF03800EC18D8 /* TextOutputFormat.swift */; };
		A13C8C622A8FF27000EC18D8 /* Theme+FreeChat.swift in Sources */ = {isa = PBXBuildFile; fileRef = A13C8C612A8FF27000EC18D8 /* Theme+FreeChat.swift */; };
		A13C8C662A9027A200EC18D8 /* CopyButton.swift in Sources */ = {isa = PBXBuildFile; fileRef = A13C8C652A9027A200EC18D8 /* CopyButton.swift */; };
		A13C8C682A902A1200EC18D8 /* CGKeycode+Extensions.swift in Sources */ = {isa = PBXBuildFile; fileRef = A13C8C672A902A1200EC18D8 /* CGKeycode+Extensions.swift */; };
		A15D50CF2A7EF73E00FC1681 /* BottomToolbar.swift in Sources */ = {isa = PBXBuildFile; fileRef = A15D50CE2A7EF73E00FC1681 /* BottomToolbar.swift */; };
		A15D50D22A7F539800FC1681 /* NavList.swift in Sources */ = {isa = PBXBuildFile; fileRef = A15D50D12A7F539800FC1681 /* NavList.swift */; };
		A15D50D42A80BCA900FC1681 /* SettingsView.swift in Sources */ = {isa = PBXBuildFile; fileRef = A15D50D32A80BCA900FC1681 /* SettingsView.swift */; };
		A16FFF8B2B2E35D200E6AAE2 /* GPU.swift in Sources */ = {isa = PBXBuildFile; fileRef = A16FFF8A2B2E35D200E6AAE2 /* GPU.swift */; };
		A17A2E182A79A006006CDD90 /* Agent.swift in Sources */ = {isa = PBXBuildFile; fileRef = A17A2E122A79A005006CDD90 /* Agent.swift */; };
		A17A2E192A79A006006CDD90 /* LlamaServer.swift in Sources */ = {isa = PBXBuildFile; fileRef = A17A2E132A79A005006CDD90 /* LlamaServer.swift */; };
		A17A2E1F2A79A075006CDD90 /* EventSource in Frameworks */ = {isa = PBXBuildFile; productRef = A17A2E1E2A79A075006CDD90 /* EventSource */; };
		A17AB1C22ABB4B5E00CD3100 /* CircleMenuStyle.swift in Sources */ = {isa = PBXBuildFile; fileRef = A17AB1C12ABB4B5E00CD3100 /* CircleMenuStyle.swift */; };
		A18A8BAF2B155FC000D2197C /* Network.swift in Sources */ = {isa = PBXBuildFile; fileRef = A18A8BAE2B155FC000D2197C /* Network.swift */; };
		A18A8BB32B24FC0400D2197C /* AISettingsView.swift in Sources */ = {isa = PBXBuildFile; fileRef = A18A8BB22B24FC0400D2197C /* AISettingsView.swift */; };
		A18A8BB52B24FC0F00D2197C /* UISettingsView.swift in Sources */ = {isa = PBXBuildFile; fileRef = A18A8BB42B24FC0F00D2197C /* UISettingsView.swift */; };
		A19AA5222AA667BE009D9573 /* QuickPromptButton.swift in Sources */ = {isa = PBXBuildFile; fileRef = A19AA5212AA667BE009D9573 /* QuickPromptButton.swift */; };
		A1A286E82A7D8A7D0004967A /* MessageView.swift in Sources */ = {isa = PBXBuildFile; fileRef = A1A286E72A7D8A7D0004967A /* MessageView.swift */; };
		A1A286F52A7E17750004967A /* main.swift in Sources */ = {isa = PBXBuildFile; fileRef = A1A286F42A7E17750004967A /* main.swift */; };
		A1A286FD2A7E1E460004967A /* server-watchdog in Embed helper tools */ = {isa = PBXBuildFile; fileRef = A1A286F22A7E17750004967A /* server-watchdog */; settings = {ATTRIBUTES = (CodeSignOnCopy, ); }; };
		A1CA32442AAF877600F9D488 /* ConversationManager.swift in Sources */ = {isa = PBXBuildFile; fileRef = A1CA32432AAF877600F9D488 /* ConversationManager.swift */; };
		A1D4B49D2B9A780B00B9C4BE /* AgentDefaults.swift in Sources */ = {isa = PBXBuildFile; fileRef = A1D4B49C2B9A780B00B9C4BE /* AgentDefaults.swift */; };
		A1E4A6942A82B41F00BF9D34 /* Model+Extensions.swift in Sources */ = {isa = PBXBuildFile; fileRef = A1E4A6932A82B41F00BF9D34 /* Model+Extensions.swift */; };
		A1F617262A782AA100F2048C /* FileChat.swift in Sources */ = {isa = PBXBuildFile; fileRef = A1F617252A782AA100F2048C /* FileChat.swift */; };
		A1F617282A782AA100F2048C /* ContentView.swift in Sources */ = {isa = PBXBuildFile; fileRef = A1F617272A782AA100F2048C /* ContentView.swift */; };
		A1F6172A2A782AA200F2048C /* Assets.xcassets in Resources */ = {isa = PBXBuildFile; fileRef = A1F617292A782AA200F2048C /* Assets.xcassets */; };
		A1F6172D2A782AA200F2048C /* Preview Assets.xcassets in Resources */ = {isa = PBXBuildFile; fileRef = A1F6172C2A782AA200F2048C /* Preview Assets.xcassets */; };
		A1F6172F2A782AA200F2048C /* Persistence.swift in Sources */ = {isa = PBXBuildFile; fileRef = A1F6172E2A782AA200F2048C /* Persistence.swift */; };
		A1F617322A782AA200F2048C /* Chats.xcdatamodeld in Sources */ = {isa = PBXBuildFile; fileRef = A1F617302A782AA200F2048C /* Chats.xcdatamodeld */; };
		A1F617472A782AA200F2048C /* FreeChatUITests.swift in Sources */ = {isa = PBXBuildFile; fileRef = A1F617462A782AA200F2048C /* FreeChatUITests.swift */; };
		A1F617492A782AA200F2048C /* FreeChatUITestsLaunchTests.swift in Sources */ = {isa = PBXBuildFile; fileRef = A1F617482A782AA200F2048C /* FreeChatUITestsLaunchTests.swift */; };
		A1F617562A782E4F00F2048C /* ConversationView.swift in Sources */ = {isa = PBXBuildFile; fileRef = A1F617552A782E4F00F2048C /* ConversationView.swift */; };
		A1F617582A7836AE00F2048C /* Message+Extensions.swift in Sources */ = {isa = PBXBuildFile; fileRef = A1F617572A7836AE00F2048C /* Message+Extensions.swift */; };
		A1F6175B2A7838F700F2048C /* Conversation+Extensions.swift in Sources */ = {isa = PBXBuildFile; fileRef = A1F6175A2A7838F700F2048C /* Conversation+Extensions.swift */; };
		DEA8CF572B51938B007A4CE7 /* FileChatAppDelegate.swift in Sources */ = {isa = PBXBuildFile; fileRef = DEA8CF562B51938B007A4CE7 /* FileChatAppDelegate.swift */; };
		DEEA39CC2B586F3800992592 /* ServerHealth.swift in Sources */ = {isa = PBXBuildFile; fileRef = DEEA39CB2B586F3800992592 /* ServerHealth.swift */; };
/* End PBXBuildFile section */

/* Begin PBXContainerItemProxy section */
		A1A286FA2A7E1ACD0004967A /* PBXContainerItemProxy */ = {
			isa = PBXContainerItemProxy;
			containerPortal = A1F6171A2A782AA100F2048C /* Project object */;
			proxyType = 1;
			remoteGlobalIDString = A1A286F12A7E17750004967A;
			remoteInfo = "server-watchdog";
		};
		A1F617392A782AA200F2048C /* PBXContainerItemProxy */ = {
			isa = PBXContainerItemProxy;
			containerPortal = A1F6171A2A782AA100F2048C /* Project object */;
			proxyType = 1;
			remoteGlobalIDString = A1F617212A782AA100F2048C;
			remoteInfo = Mantras;
		};
		A1F617432A782AA200F2048C /* PBXContainerItemProxy */ = {
			isa = PBXContainerItemProxy;
			containerPortal = A1F6171A2A782AA100F2048C /* Project object */;
			proxyType = 1;
			remoteGlobalIDString = A1F617212A782AA100F2048C;
			remoteInfo = Mantras;
		};
/* End PBXContainerItemProxy section */

/* Begin PBXCopyFilesBuildPhase section */
		A19AFCC02A8D631900F96A4D /* Copy Metal */ = {
			isa = PBXCopyFilesBuildPhase;
			buildActionMask = 2147483647;
			dstPath = "";
			dstSubfolderSpec = 7;
			files = (
			);
			name = "Copy Metal";
			runOnlyForDeploymentPostprocessing = 0;
		};
		A1A286F02A7E17750004967A /* CopyFiles */ = {
			isa = PBXCopyFilesBuildPhase;
			buildActionMask = 2147483647;
			dstPath = /usr/share/man/man1/;
			dstSubfolderSpec = 0;
			files = (
			);
			runOnlyForDeploymentPostprocessing = 1;
		};
		A1A286FC2A7E1E2D0004967A /* Embed helper tools */ = {
			isa = PBXCopyFilesBuildPhase;
			buildActionMask = 2147483647;
			dstPath = "";
			dstSubfolderSpec = 6;
			files = (
				A1A286FD2A7E1E460004967A /* server-watchdog in Embed helper tools */,
			);
			name = "Embed helper tools";
			runOnlyForDeploymentPostprocessing = 0;
		};
/* End PBXCopyFilesBuildPhase section */

/* Begin PBXFileReference section */
		204242462C0D534C00D173CF /* IndexedDirectory.swift */ = {isa = PBXFileReference; fileEncoding = 4; lastKnownFileType = sourcecode.swift; path = IndexedDirectory.swift; sourceTree = "<group>"; };
		204242472C0D534C00D173CF /* IndexItem.swift */ = {isa = PBXFileReference; fileEncoding = 4; lastKnownFileType = sourcecode.swift; path = IndexItem.swift; sourceTree = "<group>"; };
		204242482C0D534C00D173CF /* IndexStore.swift */ = {isa = PBXFileReference; fileEncoding = 4; lastKnownFileType = sourcecode.swift; path = IndexStore.swift; sourceTree = "<group>"; };
		2042424A2C0D534C00D173CF /* ContainerManager.swift */ = {isa = PBXFileReference; fileEncoding = 4; lastKnownFileType = sourcecode.swift; path = ContainerManager.swift; sourceTree = "<group>"; };
		204242592C0D57A700D173CF /* Extension+String.swift */ = {isa = PBXFileReference; lastKnownFileType = sourcecode.swift; path = "Extension+String.swift"; sourceTree = "<group>"; };
		2042425F2C0D99D300D173CF /* IndexPicker.swift */ = {isa = PBXFileReference; lastKnownFileType = sourcecode.swift; path = IndexPicker.swift; sourceTree = "<group>"; };
		204242652C0E1C7D00D173CF /* LengthyTasksView.swift */ = {isa = PBXFileReference; lastKnownFileType = sourcecode.swift; path = LengthyTasksView.swift; sourceTree = "<group>"; };
		204242682C0E1CB800D173CF /* LengthyTask.swift */ = {isa = PBXFileReference; lastKnownFileType = sourcecode.swift; path = LengthyTask.swift; sourceTree = "<group>"; };
		2042426A2C0E1D3000D173CF /* LengthyTasksController.swift */ = {isa = PBXFileReference; lastKnownFileType = sourcecode.swift; path = LengthyTasksController.swift; sourceTree = "<group>"; };
		2042426C2C0E2C2600D173CF /* LoadingAnimationView.swift */ = {isa = PBXFileReference; lastKnownFileType = sourcecode.swift; path = LoadingAnimationView.swift; sourceTree = "<group>"; };
		205D22222C10499000C750EF /* LICENSE.txt */ = {isa = PBXFileReference; lastKnownFileType = text; path = LICENSE.txt; sourceTree = "<group>"; };
		2078A9432C11598400D9ACDD /* ConversationController.swift */ = {isa = PBXFileReference; lastKnownFileType = sourcecode.swift; path = ConversationController.swift; sourceTree = "<group>"; };
		2085D6A82C0FEE5300774EDD /* Extension+URL.swift */ = {isa = PBXFileReference; lastKnownFileType = sourcecode.swift; path = "Extension+URL.swift"; sourceTree = "<group>"; };
		20884D1B2C7DB36100B127E1 /* freechat-server */ = {isa = PBXFileReference; lastKnownFileType = "compiled.mach-o.executable"; path = "freechat-server"; sourceTree = "<group>"; };
		208D829F2C11842300E8AB01 /* BottomToolbarPanel.swift */ = {isa = PBXFileReference; lastKnownFileType = sourcecode.swift; path = BottomToolbarPanel.swift; sourceTree = "<group>"; };
		209764B62C1205FE001C3BF8 /* CapsuleButtonStyle.swift */ = {isa = PBXFileReference; lastKnownFileType = sourcecode.swift; path = CapsuleButtonStyle.swift; sourceTree = "<group>"; };
		209764B82C12A98B001C3BF8 /* ActionManager.swift */ = {isa = PBXFileReference; lastKnownFileType = sourcecode.swift; path = ActionManager.swift; sourceTree = "<group>"; };
		209764BB2C12AA31001C3BF8 /* Action.swift */ = {isa = PBXFileReference; lastKnownFileType = sourcecode.swift; path = Action.swift; sourceTree = "<group>"; };
		209764C22C12C3A8001C3BF8 /* Shortcut.swift */ = {isa = PBXFileReference; lastKnownFileType = sourcecode.swift; path = Shortcut.swift; sourceTree = "<group>"; };
		209764C62C12C63D001C3BF8 /* OpenWindow.swift */ = {isa = PBXFileReference; lastKnownFileType = sourcecode.swift; path = OpenWindow.swift; sourceTree = "<group>"; };
		209764CA2C12CB8F001C3BF8 /* ActionsView.swift */ = {isa = PBXFileReference; lastKnownFileType = sourcecode.swift; path = ActionsView.swift; sourceTree = "<group>"; };
		209764CC2C12D713001C3BF8 /* NewActionSheet.swift */ = {isa = PBXFileReference; lastKnownFileType = sourcecode.swift; path = NewActionSheet.swift; sourceTree = "<group>"; };
		209764CE2C12E551001C3BF8 /* ActionDetailView.swift */ = {isa = PBXFileReference; lastKnownFileType = sourcecode.swift; path = ActionDetailView.swift; sourceTree = "<group>"; };
		209764D02C132F2A001C3BF8 /* ActionTestInputView.swift */ = {isa = PBXFileReference; lastKnownFileType = sourcecode.swift; path = ActionTestInputView.swift; sourceTree = "<group>"; };
		20A9AE262C11FEF8005B15E6 /* ChatStyle.swift */ = {isa = PBXFileReference; lastKnownFileType = sourcecode.swift; path = ChatStyle.swift; sourceTree = "<group>"; };
		20DF1EC02C0F0D030008D5DA /* README.md */ = {isa = PBXFileReference; lastKnownFileType = net.daringfireball.markdown; path = README.md; sourceTree = "<group>"; };
		A1156D302AD09FDD00081313 /* PromptTemplateTests.swift */ = {isa = PBXFileReference; lastKnownFileType = sourcecode.swift; path = PromptTemplateTests.swift; sourceTree = "<group>"; };
		A12B52DD2AA5228100658707 /* EditModels.swift */ = {isa = PBXFileReference; lastKnownFileType = sourcecode.swift; path = EditModels.swift; sourceTree = "<group>"; };
		A12B52E32AA5A99E00658707 /* EditSystemPrompt.swift */ = {isa = PBXFileReference; lastKnownFileType = sourcecode.swift; path = EditSystemPrompt.swift; sourceTree = "<group>"; };
		A12FAAEB2AC5E0C0006ACC43 /* WelcomeSheet.swift */ = {isa = PBXFileReference; lastKnownFileType = sourcecode.swift; path = WelcomeSheet.swift; sourceTree = "<group>"; };
		A12FAAEF2AC638DE006ACC43 /* DownloadManager.swift */ = {isa = PBXFileReference; lastKnownFileType = sourcecode.swift; path = DownloadManager.swift; sourceTree = "<group>"; };
		A137A37B2AB3D26C00BE1AE0 /* ObservableScrollView.swift */ = {isa = PBXFileReference; lastKnownFileType = sourcecode.swift; path = ObservableScrollView.swift; sourceTree = "<group>"; };
		A137A38D2AB6B52400BE1AE0 /* Constants.swift */ = {isa = PBXFileReference; lastKnownFileType = sourcecode.swift; path = Constants.swift; sourceTree = "<group>"; };
		A13C8C592A8FEEE400EC18D8 /* SplashCodeSyntaxHighlighter.swift */ = {isa = PBXFileReference; lastKnownFileType = sourcecode.swift; path = SplashCodeSyntaxHighlighter.swift; sourceTree = "<group>"; };
		A13C8C5F2A8FF03800EC18D8 /* TextOutputFormat.swift */ = {isa = PBXFileReference; lastKnownFileType = sourcecode.swift; path = TextOutputFormat.swift; sourceTree = "<group>"; };
		A13C8C612A8FF27000EC18D8 /* Theme+FreeChat.swift */ = {isa = PBXFileReference; lastKnownFileType = sourcecode.swift; path = "Theme+FreeChat.swift"; sourceTree = "<group>"; };
		A13C8C652A9027A200EC18D8 /* CopyButton.swift */ = {isa = PBXFileReference; lastKnownFileType = sourcecode.swift; path = CopyButton.swift; sourceTree = "<group>"; };
		A13C8C672A902A1200EC18D8 /* CGKeycode+Extensions.swift */ = {isa = PBXFileReference; lastKnownFileType = sourcecode.swift; path = "CGKeycode+Extensions.swift"; sourceTree = "<group>"; };
		A15D50CE2A7EF73E00FC1681 /* BottomToolbar.swift */ = {isa = PBXFileReference; lastKnownFileType = sourcecode.swift; path = BottomToolbar.swift; sourceTree = "<group>"; };
		A15D50D12A7F539800FC1681 /* NavList.swift */ = {isa = PBXFileReference; lastKnownFileType = sourcecode.swift; path = NavList.swift; sourceTree = "<group>"; };
		A15D50D32A80BCA900FC1681 /* SettingsView.swift */ = {isa = PBXFileReference; lastKnownFileType = sourcecode.swift; path = SettingsView.swift; sourceTree = "<group>"; };
		A16FFF8A2B2E35D200E6AAE2 /* GPU.swift */ = {isa = PBXFileReference; lastKnownFileType = sourcecode.swift; path = GPU.swift; sourceTree = "<group>"; };
		A17A2E122A79A005006CDD90 /* Agent.swift */ = {isa = PBXFileReference; fileEncoding = 4; lastKnownFileType = sourcecode.swift; path = Agent.swift; sourceTree = "<group>"; };
		A17A2E132A79A005006CDD90 /* LlamaServer.swift */ = {isa = PBXFileReference; fileEncoding = 4; lastKnownFileType = sourcecode.swift; path = LlamaServer.swift; sourceTree = "<group>"; };
		A17AB1BE2AB8FC4300CD3100 /* Info.plist */ = {isa = PBXFileReference; lastKnownFileType = text.plist; path = Info.plist; sourceTree = "<group>"; };
		A17AB1C12ABB4B5E00CD3100 /* CircleMenuStyle.swift */ = {isa = PBXFileReference; fileEncoding = 4; lastKnownFileType = sourcecode.swift; path = CircleMenuStyle.swift; sourceTree = "<group>"; };
		A18A8BAE2B155FC000D2197C /* Network.swift */ = {isa = PBXFileReference; lastKnownFileType = sourcecode.swift; path = Network.swift; sourceTree = "<group>"; };
		A18A8BB22B24FC0400D2197C /* AISettingsView.swift */ = {isa = PBXFileReference; lastKnownFileType = sourcecode.swift; path = AISettingsView.swift; sourceTree = "<group>"; };
		A18A8BB42B24FC0F00D2197C /* UISettingsView.swift */ = {isa = PBXFileReference; lastKnownFileType = sourcecode.swift; path = UISettingsView.swift; sourceTree = "<group>"; };
		A19AA5212AA667BE009D9573 /* QuickPromptButton.swift */ = {isa = PBXFileReference; lastKnownFileType = sourcecode.swift; path = QuickPromptButton.swift; sourceTree = "<group>"; };
		A1A286E72A7D8A7D0004967A /* MessageView.swift */ = {isa = PBXFileReference; lastKnownFileType = sourcecode.swift; path = MessageView.swift; sourceTree = "<group>"; };
		A1A286F22A7E17750004967A /* server-watchdog */ = {isa = PBXFileReference; explicitFileType = "compiled.mach-o.executable"; includeInIndex = 0; path = "server-watchdog"; sourceTree = BUILT_PRODUCTS_DIR; };
		A1A286F42A7E17750004967A /* main.swift */ = {isa = PBXFileReference; lastKnownFileType = sourcecode.swift; path = main.swift; sourceTree = "<group>"; };
		A1A286F92A7E197F0004967A /* README.md */ = {isa = PBXFileReference; lastKnownFileType = net.daringfireball.markdown; path = README.md; sourceTree = "<group>"; };
		A1A286FE2A7E9F280004967A /* server-watchdog.entitlements */ = {isa = PBXFileReference; lastKnownFileType = text.plist.entitlements; path = "server-watchdog.entitlements"; sourceTree = "<group>"; };
		A1CA32432AAF877600F9D488 /* ConversationManager.swift */ = {isa = PBXFileReference; lastKnownFileType = sourcecode.swift; path = ConversationManager.swift; sourceTree = "<group>"; };
		A1D4B49C2B9A780B00B9C4BE /* AgentDefaults.swift */ = {isa = PBXFileReference; lastKnownFileType = sourcecode.swift; path = AgentDefaults.swift; sourceTree = "<group>"; };
		A1E4A6932A82B41F00BF9D34 /* Model+Extensions.swift */ = {isa = PBXFileReference; lastKnownFileType = sourcecode.swift; path = "Model+Extensions.swift"; sourceTree = "<group>"; };
		A1F617222A782AA100F2048C /* FileChat.app */ = {isa = PBXFileReference; explicitFileType = wrapper.application; includeInIndex = 0; path = FileChat.app; sourceTree = BUILT_PRODUCTS_DIR; };
		A1F617252A782AA100F2048C /* FileChat.swift */ = {isa = PBXFileReference; lastKnownFileType = sourcecode.swift; path = FileChat.swift; sourceTree = "<group>"; };
		A1F617272A782AA100F2048C /* ContentView.swift */ = {isa = PBXFileReference; lastKnownFileType = sourcecode.swift; path = ContentView.swift; sourceTree = "<group>"; };
		A1F617292A782AA200F2048C /* Assets.xcassets */ = {isa = PBXFileReference; lastKnownFileType = folder.assetcatalog; path = Assets.xcassets; sourceTree = "<group>"; };
		A1F6172C2A782AA200F2048C /* Preview Assets.xcassets */ = {isa = PBXFileReference; lastKnownFileType = folder.assetcatalog; path = "Preview Assets.xcassets"; sourceTree = "<group>"; };
		A1F6172E2A782AA200F2048C /* Persistence.swift */ = {isa = PBXFileReference; lastKnownFileType = sourcecode.swift; path = Persistence.swift; sourceTree = "<group>"; };
		A1F617312A782AA200F2048C /* Mantras.xcdatamodel */ = {isa = PBXFileReference; lastKnownFileType = wrapper.xcdatamodel; path = Mantras.xcdatamodel; sourceTree = "<group>"; };
		A1F617332A782AA200F2048C /* FreeChat.entitlements */ = {isa = PBXFileReference; lastKnownFileType = text.plist.entitlements; path = FreeChat.entitlements; sourceTree = "<group>"; };
		A1F617382A782AA200F2048C /* FileChatTests.xctest */ = {isa = PBXFileReference; explicitFileType = wrapper.cfbundle; includeInIndex = 0; path = FileChatTests.xctest; sourceTree = BUILT_PRODUCTS_DIR; };
		A1F617422A782AA200F2048C /* FileChatUITests.xctest */ = {isa = PBXFileReference; explicitFileType = wrapper.cfbundle; includeInIndex = 0; path = FileChatUITests.xctest; sourceTree = BUILT_PRODUCTS_DIR; };
		A1F617462A782AA200F2048C /* FreeChatUITests.swift */ = {isa = PBXFileReference; lastKnownFileType = sourcecode.swift; path = FreeChatUITests.swift; sourceTree = "<group>"; };
		A1F617482A782AA200F2048C /* FreeChatUITestsLaunchTests.swift */ = {isa = PBXFileReference; lastKnownFileType = sourcecode.swift; path = FreeChatUITestsLaunchTests.swift; sourceTree = "<group>"; };
		A1F617552A782E4F00F2048C /* ConversationView.swift */ = {isa = PBXFileReference; lastKnownFileType = sourcecode.swift; path = ConversationView.swift; sourceTree = "<group>"; };
		A1F617572A7836AE00F2048C /* Message+Extensions.swift */ = {isa = PBXFileReference; lastKnownFileType = sourcecode.swift; path = "Message+Extensions.swift"; sourceTree = "<group>"; };
		A1F6175A2A7838F700F2048C /* Conversation+Extensions.swift */ = {isa = PBXFileReference; lastKnownFileType = sourcecode.swift; path = "Conversation+Extensions.swift"; sourceTree = "<group>"; };
		DEA8CF562B51938B007A4CE7 /* FileChatAppDelegate.swift */ = {isa = PBXFileReference; fileEncoding = 4; lastKnownFileType = sourcecode.swift; path = FileChatAppDelegate.swift; sourceTree = "<group>"; };
		DEEA39CB2B586F3800992592 /* ServerHealth.swift */ = {isa = PBXFileReference; lastKnownFileType = sourcecode.swift; path = ServerHealth.swift; sourceTree = "<group>"; };
/* End PBXFileReference section */

/* Begin PBXFrameworksBuildPhase section */
		A1A286EF2A7E17750004967A /* Frameworks */ = {
			isa = PBXFrameworksBuildPhase;
			buildActionMask = 2147483647;
			files = (
			);
			runOnlyForDeploymentPostprocessing = 0;
		};
		A1F6171F2A782AA100F2048C /* Frameworks */ = {
			isa = PBXFrameworksBuildPhase;
			buildActionMask = 2147483647;
			files = (
				204242582C0D563100D173CF /* ExtensionKit in Frameworks */,
				204242542C0D54AA00D173CF /* SimilaritySearchKitDistilbert in Frameworks */,
				204242522C0D54AA00D173CF /* SimilaritySearchKit in Frameworks */,
				A17A2E1F2A79A075006CDD90 /* EventSource in Frameworks */,
				A137A38C2AB6B2F800BE1AE0 /* KeyboardShortcuts in Frameworks */,
				20C3ED8A2C116D6F00097FBF /* Shimmer in Frameworks */,
				2042425E2C0D5BEE00D173CF /* AppleGPUInfo in Frameworks */,
				A13C8C5D2A8FEF0600EC18D8 /* Splash in Frameworks */,
				20884D1A2C7DA2BC00B127E1 /* MarkdownUI in Frameworks */,
				209764C12C12B2BF001C3BF8 /* SQLite in Frameworks */,
				204242632C0DB5C100D173CF /* BezelNotification in Frameworks */,
			);
			runOnlyForDeploymentPostprocessing = 0;
		};
		A1F617352A782AA200F2048C /* Frameworks */ = {
			isa = PBXFrameworksBuildPhase;
			buildActionMask = 2147483647;
			files = (
			);
			runOnlyForDeploymentPostprocessing = 0;
		};
		A1F6173F2A782AA200F2048C /* Frameworks */ = {
			isa = PBXFrameworksBuildPhase;
			buildActionMask = 2147483647;
			files = (
			);
			runOnlyForDeploymentPostprocessing = 0;
		};
/* End PBXFrameworksBuildPhase section */

/* Begin PBXGroup section */
		204242492C0D534C00D173CF /* Index Store */ = {
			isa = PBXGroup;
			children = (
				204242462C0D534C00D173CF /* IndexedDirectory.swift */,
				204242472C0D534C00D173CF /* IndexItem.swift */,
				204242482C0D534C00D173CF /* IndexStore.swift */,
			);
			path = "Index Store";
			sourceTree = "<group>";
		};
		2042424B2C0D534C00D173CF /* Directory Index */ = {
			isa = PBXGroup;
			children = (
				204242492C0D534C00D173CF /* Index Store */,
				2042424A2C0D534C00D173CF /* ContainerManager.swift */,
			);
			path = "Directory Index";
			sourceTree = "<group>";
		};
		2042425B2C0D57B400D173CF /* Extensions */ = {
			isa = PBXGroup;
			children = (
				204242592C0D57A700D173CF /* Extension+String.swift */,
				2085D6A82C0FEE5300774EDD /* Extension+URL.swift */,
			);
			path = Extensions;
			sourceTree = "<group>";
		};
		204242672C0E1CAB00D173CF /* LengthyTasksView */ = {
			isa = PBXGroup;
			children = (
				2042426A2C0E1D3000D173CF /* LengthyTasksController.swift */,
				204242652C0E1C7D00D173CF /* LengthyTasksView.swift */,
				204242682C0E1CB800D173CF /* LengthyTask.swift */,
				2042426C2C0E2C2600D173CF /* LoadingAnimationView.swift */,
			);
			path = LengthyTasksView;
			sourceTree = "<group>";
		};
		209764BA2C12A993001C3BF8 /* Actions */ = {
			isa = PBXGroup;
			children = (
				209764BB2C12AA31001C3BF8 /* Action.swift */,
				209764C22C12C3A8001C3BF8 /* Shortcut.swift */,
				209764B82C12A98B001C3BF8 /* ActionManager.swift */,
			);
			path = Actions;
			sourceTree = "<group>";
		};
		209764C42C12C5DE001C3BF8 /* Logic */ = {
			isa = PBXGroup;
			children = (
				209764C52C12C622001C3BF8 /* Window Management */,
				A1F617592A7838DB00F2048C /* Models */,
				2042424B2C0D534C00D173CF /* Directory Index */,
				209764BA2C12A993001C3BF8 /* Actions */,
				2042425B2C0D57B400D173CF /* Extensions */,
			);
			path = Logic;
			sourceTree = "<group>";
		};
		209764C52C12C622001C3BF8 /* Window Management */ = {
			isa = PBXGroup;
			children = (
				209764C62C12C63D001C3BF8 /* OpenWindow.swift */,
			);
			path = "Window Management";
			sourceTree = "<group>";
		};
		209764C82C12C857001C3BF8 /* Default View */ = {
			isa = PBXGroup;
			children = (
				A15D50D12A7F539800FC1681 /* NavList.swift */,
				A19AA51F2AA66768009D9573 /* ConversationView */,
				A13C8C5E2A8FF02500EC18D8 /* Markdown */,
				204242672C0E1CAB00D173CF /* LengthyTasksView */,
				A13C8C652A9027A200EC18D8 /* CopyButton.swift */,
				A13C8C672A902A1200EC18D8 /* CGKeycode+Extensions.swift */,
				A17AB1C12ABB4B5E00CD3100 /* CircleMenuStyle.swift */,
				A12FAAEB2AC5E0C0006ACC43 /* WelcomeSheet.swift */,
			);
			path = "Default View";
			sourceTree = "<group>";
		};
		209764C92C12C921001C3BF8 /* Actions View */ = {
			isa = PBXGroup;
			children = (
				209764CA2C12CB8F001C3BF8 /* ActionsView.swift */,
				209764CE2C12E551001C3BF8 /* ActionDetailView.swift */,
				209764D02C132F2A001C3BF8 /* ActionTestInputView.swift */,
				209764CC2C12D713001C3BF8 /* NewActionSheet.swift */,
			);
			path = "Actions View";
			sourceTree = "<group>";
		};
		A13C8C5E2A8FF02500EC18D8 /* Markdown */ = {
			isa = PBXGroup;
			children = (
				A13C8C592A8FEEE400EC18D8 /* SplashCodeSyntaxHighlighter.swift */,
				A13C8C5F2A8FF03800EC18D8 /* TextOutputFormat.swift */,
				A13C8C612A8FF27000EC18D8 /* Theme+FreeChat.swift */,
			);
			path = Markdown;
			sourceTree = "<group>";
		};
		A15D50D02A7F49CD00FC1681 /* Views */ = {
			isa = PBXGroup;
			children = (
				209764C82C12C857001C3BF8 /* Default View */,
				209764C92C12C921001C3BF8 /* Actions View */,
				A19AA5202AA66784009D9573 /* Settings */,
			);
			path = Views;
			sourceTree = "<group>";
		};
		A17A2E1B2A79A00D006CDD90 /* NPC */ = {
			isa = PBXGroup;
			children = (
				A1A286F92A7E197F0004967A /* README.md */,
				A17A2E122A79A005006CDD90 /* Agent.swift */,
				A17A2E132A79A005006CDD90 /* LlamaServer.swift */,
				DEEA39CB2B586F3800992592 /* ServerHealth.swift */,
				20884D1B2C7DB36100B127E1 /* freechat-server */,
				A1A286F32A7E17750004967A /* server-watchdog */,
				A1D4B49C2B9A780B00B9C4BE /* AgentDefaults.swift */,
			);
			path = NPC;
			sourceTree = "<group>";
		};
		A19AA51F2AA66768009D9573 /* ConversationView */ = {
			isa = PBXGroup;
			children = (
				A1F617552A782E4F00F2048C /* ConversationView.swift */,
				A1A286E72A7D8A7D0004967A /* MessageView.swift */,
				A19AA5212AA667BE009D9573 /* QuickPromptButton.swift */,
				209764B62C1205FE001C3BF8 /* CapsuleButtonStyle.swift */,
				A137A37B2AB3D26C00BE1AE0 /* ObservableScrollView.swift */,
				2042425F2C0D99D300D173CF /* IndexPicker.swift */,
				A15D50CE2A7EF73E00FC1681 /* BottomToolbar.swift */,
				208D829F2C11842300E8AB01 /* BottomToolbarPanel.swift */,
				20A9AE262C11FEF8005B15E6 /* ChatStyle.swift */,
			);
			path = ConversationView;
			sourceTree = "<group>";
		};
		A19AA5202AA66784009D9573 /* Settings */ = {
			isa = PBXGroup;
			children = (
				A15D50D32A80BCA900FC1681 /* SettingsView.swift */,
				A18A8BB22B24FC0400D2197C /* AISettingsView.swift */,
				A18A8BB42B24FC0F00D2197C /* UISettingsView.swift */,
				A12B52DD2AA5228100658707 /* EditModels.swift */,
				A12B52E32AA5A99E00658707 /* EditSystemPrompt.swift */,
			);
			path = Settings;
			sourceTree = "<group>";
		};
		A1A286F32A7E17750004967A /* server-watchdog */ = {
			isa = PBXGroup;
			children = (
				A1A286F42A7E17750004967A /* main.swift */,
			);
			path = "server-watchdog";
			sourceTree = "<group>";
		};
		A1F617192A782AA100F2048C = {
			isa = PBXGroup;
			children = (
				20DF1EC02C0F0D030008D5DA /* README.md */,
				205D22222C10499000C750EF /* LICENSE.txt */,
				A1A286FE2A7E9F280004967A /* server-watchdog.entitlements */,
				A1F617242A782AA100F2048C /* FreeChat */,
				A1F6173B2A782AA200F2048C /* FreeChatTests */,
				A1F617452A782AA200F2048C /* FreeChatUITests */,
				A1F617232A782AA100F2048C /* Products */,
			);
			sourceTree = "<group>";
		};
		A1F617232A782AA100F2048C /* Products */ = {
			isa = PBXGroup;
			children = (
				A1F617222A782AA100F2048C /* FileChat.app */,
				A1F617382A782AA200F2048C /* FileChatTests.xctest */,
				A1F617422A782AA200F2048C /* FileChatUITests.xctest */,
				A1A286F22A7E17750004967A /* server-watchdog */,
			);
			name = Products;
			sourceTree = "<group>";
		};
		A1F617242A782AA100F2048C /* FreeChat */ = {
			isa = PBXGroup;
			children = (
				A1F617252A782AA100F2048C /* FileChat.swift */,
				DEA8CF562B51938B007A4CE7 /* FileChatAppDelegate.swift */,
				A1F617272A782AA100F2048C /* ContentView.swift */,
				A1F6172E2A782AA200F2048C /* Persistence.swift */,
				A137A38D2AB6B52400BE1AE0 /* Constants.swift */,
				A15D50D02A7F49CD00FC1681 /* Views */,
				209764C42C12C5DE001C3BF8 /* Logic */,
				A1F617332A782AA200F2048C /* FreeChat.entitlements */,
				A17AB1BE2AB8FC4300CD3100 /* Info.plist */,
				A1F617302A782AA200F2048C /* Chats.xcdatamodeld */,
				A1F617292A782AA200F2048C /* Assets.xcassets */,
				A1F6172B2A782AA200F2048C /* Preview Content */,
			);
			path = FreeChat;
			sourceTree = "<group>";
		};
		A1F6172B2A782AA200F2048C /* Preview Content */ = {
			isa = PBXGroup;
			children = (
				A1F6172C2A782AA200F2048C /* Preview Assets.xcassets */,
			);
			path = "Preview Content";
			sourceTree = "<group>";
		};
		A1F6173B2A782AA200F2048C /* FreeChatTests */ = {
			isa = PBXGroup;
			children = (
				A1156D302AD09FDD00081313 /* PromptTemplateTests.swift */,
			);
			path = FreeChatTests;
			sourceTree = "<group>";
		};
		A1F617452A782AA200F2048C /* FreeChatUITests */ = {
			isa = PBXGroup;
			children = (
				A1F617462A782AA200F2048C /* FreeChatUITests.swift */,
				A1F617482A782AA200F2048C /* FreeChatUITestsLaunchTests.swift */,
			);
			path = FreeChatUITests;
			sourceTree = "<group>";
		};
		A1F617592A7838DB00F2048C /* Models */ = {
			isa = PBXGroup;
			children = (
				A17A2E1B2A79A00D006CDD90 /* NPC */,
				A1F617572A7836AE00F2048C /* Message+Extensions.swift */,
				A1F6175A2A7838F700F2048C /* Conversation+Extensions.swift */,
				2078A9432C11598400D9ACDD /* ConversationController.swift */,
				A1E4A6932A82B41F00BF9D34 /* Model+Extensions.swift */,
				A1CA32432AAF877600F9D488 /* ConversationManager.swift */,
				A12FAAEF2AC638DE006ACC43 /* DownloadManager.swift */,
				A18A8BAE2B155FC000D2197C /* Network.swift */,
				A16FFF8A2B2E35D200E6AAE2 /* GPU.swift */,
			);
			path = Models;
			sourceTree = "<group>";
		};
/* End PBXGroup section */

/* Begin PBXNativeTarget section */
		A1A286F12A7E17750004967A /* server-watchdog */ = {
			isa = PBXNativeTarget;
			buildConfigurationList = A1A286F62A7E17750004967A /* Build configuration list for PBXNativeTarget "server-watchdog" */;
			buildPhases = (
				A1A286EE2A7E17750004967A /* Sources */,
				A1A286EF2A7E17750004967A /* Frameworks */,
				A1A286F02A7E17750004967A /* CopyFiles */,
			);
			buildRules = (
			);
			dependencies = (
			);
			name = "server-watchdog";
			productName = "server-watchdog";
			productReference = A1A286F22A7E17750004967A /* server-watchdog */;
			productType = "com.apple.product-type.tool";
		};
		A1F617212A782AA100F2048C /* FileChat */ = {
			isa = PBXNativeTarget;
			buildConfigurationList = A1F6174C2A782AA200F2048C /* Build configuration list for PBXNativeTarget "FileChat" */;
			buildPhases = (
				A1F6171E2A782AA100F2048C /* Sources */,
				A1F6171F2A782AA100F2048C /* Frameworks */,
				A1F617202A782AA100F2048C /* Resources */,
				A1A286FC2A7E1E2D0004967A /* Embed helper tools */,
				A19AFCC02A8D631900F96A4D /* Copy Metal */,
			);
			buildRules = (
			);
			dependencies = (
				A1A286FB2A7E1ACD0004967A /* PBXTargetDependency */,
				A17A2E082A798F4C006CDD90 /* PBXTargetDependency */,
			);
			name = FileChat;
			packageProductDependencies = (
				A17A2E1E2A79A075006CDD90 /* EventSource */,
				A13C8C5C2A8FEF0600EC18D8 /* Splash */,
				A137A38B2AB6B2F800BE1AE0 /* KeyboardShortcuts */,
				204242512C0D54AA00D173CF /* SimilaritySearchKit */,
				204242532C0D54AA00D173CF /* SimilaritySearchKitDistilbert */,
				204242572C0D563100D173CF /* ExtensionKit */,
				2042425D2C0D5BEE00D173CF /* AppleGPUInfo */,
				204242622C0DB5C100D173CF /* BezelNotification */,
				20C3ED892C116D6F00097FBF /* Shimmer */,
				209764C02C12B2BF001C3BF8 /* SQLite */,
				20884D192C7DA2BC00B127E1 /* MarkdownUI */,
			);
			productName = Mantras;
			productReference = A1F617222A782AA100F2048C /* FileChat.app */;
			productType = "com.apple.product-type.application";
		};
		A1F617372A782AA200F2048C /* FileChatTests */ = {
			isa = PBXNativeTarget;
			buildConfigurationList = A1F6174F2A782AA200F2048C /* Build configuration list for PBXNativeTarget "FileChatTests" */;
			buildPhases = (
				A1F617342A782AA200F2048C /* Sources */,
				A1F617352A782AA200F2048C /* Frameworks */,
				A1F617362A782AA200F2048C /* Resources */,
			);
			buildRules = (
			);
			dependencies = (
				A1F6173A2A782AA200F2048C /* PBXTargetDependency */,
			);
			name = FileChatTests;
			productName = MantrasTests;
			productReference = A1F617382A782AA200F2048C /* FileChatTests.xctest */;
			productType = "com.apple.product-type.bundle.unit-test";
		};
		A1F617412A782AA200F2048C /* FileChatUITests */ = {
			isa = PBXNativeTarget;
			buildConfigurationList = A1F617522A782AA200F2048C /* Build configuration list for PBXNativeTarget "FileChatUITests" */;
			buildPhases = (
				A1F6173E2A782AA200F2048C /* Sources */,
				A1F6173F2A782AA200F2048C /* Frameworks */,
				A1F617402A782AA200F2048C /* Resources */,
			);
			buildRules = (
			);
			dependencies = (
				A1F617442A782AA200F2048C /* PBXTargetDependency */,
			);
			name = FileChatUITests;
			productName = MantrasUITests;
			productReference = A1F617422A782AA200F2048C /* FileChatUITests.xctest */;
			productType = "com.apple.product-type.bundle.ui-testing";
		};
/* End PBXNativeTarget section */

/* Begin PBXProject section */
		A1F6171A2A782AA100F2048C /* Project object */ = {
			isa = PBXProject;
			attributes = {
				BuildIndependentTargetsInParallel = 1;
				LastSwiftUpdateCheck = 1430;
				LastUpgradeCheck = 1500;
				TargetAttributes = {
					A1A286F12A7E17750004967A = {
						CreatedOnToolsVersion = 14.3.1;
					};
					A1F617212A782AA100F2048C = {
						CreatedOnToolsVersion = 14.3.1;
					};
					A1F617372A782AA200F2048C = {
						CreatedOnToolsVersion = 14.3.1;
						TestTargetID = A1F617212A782AA100F2048C;
					};
					A1F617412A782AA200F2048C = {
						CreatedOnToolsVersion = 14.3.1;
						TestTargetID = A1F617212A782AA100F2048C;
					};
				};
			};
			buildConfigurationList = A1F6171D2A782AA100F2048C /* Build configuration list for PBXProject "FileChat" */;
			compatibilityVersion = "Xcode 14.0";
			developmentRegion = en;
			hasScannedForEncodings = 0;
			knownRegions = (
				en,
				Base,
			);
			mainGroup = A1F617192A782AA100F2048C;
			packageReferences = (
				A17A2E1D2A79A075006CDD90 /* XCRemoteSwiftPackageReference "EventSource" */,
				A13C8C5B2A8FEF0600EC18D8 /* XCRemoteSwiftPackageReference "Splash" */,
				A137A38A2AB6B2F800BE1AE0 /* XCRemoteSwiftPackageReference "KeyboardShortcuts" */,
				204242502C0D54AA00D173CF /* XCRemoteSwiftPackageReference "similarity-search-kit" */,
				204242562C0D563100D173CF /* XCRemoteSwiftPackageReference "ExtensionKit" */,
				2042425C2C0D5BEE00D173CF /* XCRemoteSwiftPackageReference "applegpuinfo" */,
				204242612C0DB5C100D173CF /* XCRemoteSwiftPackageReference "BezelNotification" */,
				20C3ED882C116D6F00097FBF /* XCRemoteSwiftPackageReference "SwiftUI-Shimmer" */,
				209764BF2C12B2BF001C3BF8 /* XCRemoteSwiftPackageReference "SQLite.swift" */,
				20884D182C7DA2BC00B127E1 /* XCRemoteSwiftPackageReference "swift-markdown-ui" */,
			);
			productRefGroup = A1F617232A782AA100F2048C /* Products */;
			projectDirPath = "";
			projectRoot = "";
			targets = (
				A1F617212A782AA100F2048C /* FileChat */,
				A1F617372A782AA200F2048C /* FileChatTests */,
				A1F617412A782AA200F2048C /* FileChatUITests */,
				A1A286F12A7E17750004967A /* server-watchdog */,
			);
		};
/* End PBXProject section */

/* Begin PBXResourcesBuildPhase section */
		A1F617202A782AA100F2048C /* Resources */ = {
			isa = PBXResourcesBuildPhase;
			buildActionMask = 2147483647;
			files = (
				A1F6172D2A782AA200F2048C /* Preview Assets.xcassets in Resources */,
				A1F6172A2A782AA200F2048C /* Assets.xcassets in Resources */,
				20884D1C2C7DB36100B127E1 /* freechat-server in Resources */,
			);
			runOnlyForDeploymentPostprocessing = 0;
		};
		A1F617362A782AA200F2048C /* Resources */ = {
			isa = PBXResourcesBuildPhase;
			buildActionMask = 2147483647;
			files = (
			);
			runOnlyForDeploymentPostprocessing = 0;
		};
		A1F617402A782AA200F2048C /* Resources */ = {
			isa = PBXResourcesBuildPhase;
			buildActionMask = 2147483647;
			files = (
			);
			runOnlyForDeploymentPostprocessing = 0;
		};
/* End PBXResourcesBuildPhase section */

/* Begin PBXSourcesBuildPhase section */
		A1A286EE2A7E17750004967A /* Sources */ = {
			isa = PBXSourcesBuildPhase;
			buildActionMask = 2147483647;
			files = (
				A1A286F52A7E17750004967A /* main.swift in Sources */,
			);
			runOnlyForDeploymentPostprocessing = 0;
		};
		A1F6171E2A782AA100F2048C /* Sources */ = {
			isa = PBXSourcesBuildPhase;
			buildActionMask = 2147483647;
			files = (
				2042425A2C0D57A700D173CF /* Extension+String.swift in Sources */,
				209764BC2C12AA31001C3BF8 /* Action.swift in Sources */,
				A137A38E2AB6B52400BE1AE0 /* Constants.swift in Sources */,
				2042424D2C0D534C00D173CF /* IndexItem.swift in Sources */,
				20A9AE272C11FEF8005B15E6 /* ChatStyle.swift in Sources */,
				A18A8BB52B24FC0F00D2197C /* UISettingsView.swift in Sources */,
				204242602C0D99D300D173CF /* IndexPicker.swift in Sources */,
				A13C8C602A8FF03800EC18D8 /* TextOutputFormat.swift in Sources */,
				209764CF2C12E551001C3BF8 /* ActionDetailView.swift in Sources */,
				2042424C2C0D534C00D173CF /* IndexedDirectory.swift in Sources */,
				A1F6175B2A7838F700F2048C /* Conversation+Extensions.swift in Sources */,
				209764CB2C12CB8F001C3BF8 /* ActionsView.swift in Sources */,
				209764C32C12C3A8001C3BF8 /* Shortcut.swift in Sources */,
				DEA8CF572B51938B007A4CE7 /* FileChatAppDelegate.swift in Sources */,
				A13C8C622A8FF27000EC18D8 /* Theme+FreeChat.swift in Sources */,
				A1F6172F2A782AA200F2048C /* Persistence.swift in Sources */,
				A12B52E42AA5A99E00658707 /* EditSystemPrompt.swift in Sources */,
				209764D12C132F2A001C3BF8 /* ActionTestInputView.swift in Sources */,
				A19AA5222AA667BE009D9573 /* QuickPromptButton.swift in Sources */,
				A12FAAF02AC638DE006ACC43 /* DownloadManager.swift in Sources */,
				A18A8BAF2B155FC000D2197C /* Network.swift in Sources */,
				A1F617282A782AA100F2048C /* ContentView.swift in Sources */,
				A1F617322A782AA200F2048C /* Chats.xcdatamodeld in Sources */,
				2085D6A92C0FEE5300774EDD /* Extension+URL.swift in Sources */,
				A1A286E82A7D8A7D0004967A /* MessageView.swift in Sources */,
				A17A2E192A79A006006CDD90 /* LlamaServer.swift in Sources */,
				A1F617582A7836AE00F2048C /* Message+Extensions.swift in Sources */,
				2042426B2C0E1D3000D173CF /* LengthyTasksController.swift in Sources */,
				A13C8C682A902A1200EC18D8 /* CGKeycode+Extensions.swift in Sources */,
				A15D50D22A7F539800FC1681 /* NavList.swift in Sources */,
				2042424F2C0D534C00D173CF /* ContainerManager.swift in Sources */,
				A1D4B49D2B9A780B00B9C4BE /* AgentDefaults.swift in Sources */,
				209764C72C12C63D001C3BF8 /* OpenWindow.swift in Sources */,
				2042426D2C0E2C2600D173CF /* LoadingAnimationView.swift in Sources */,
				208D82A02C11842300E8AB01 /* BottomToolbarPanel.swift in Sources */,
				A1F617262A782AA100F2048C /* FileChat.swift in Sources */,
				A1E4A6942A82B41F00BF9D34 /* Model+Extensions.swift in Sources */,
				A12B52DE2AA5228100658707 /* EditModels.swift in Sources */,
				204242662C0E1C7D00D173CF /* LengthyTasksView.swift in Sources */,
				204242692C0E1CB800D173CF /* LengthyTask.swift in Sources */,
				A17AB1C22ABB4B5E00CD3100 /* CircleMenuStyle.swift in Sources */,
				A15D50CF2A7EF73E00FC1681 /* BottomToolbar.swift in Sources */,
				209764CD2C12D713001C3BF8 /* NewActionSheet.swift in Sources */,
				A1CA32442AAF877600F9D488 /* ConversationManager.swift in Sources */,
				A13C8C662A9027A200EC18D8 /* CopyButton.swift in Sources */,
				2078A9442C11598400D9ACDD /* ConversationController.swift in Sources */,
				A17A2E182A79A006006CDD90 /* Agent.swift in Sources */,
				A12FAAEC2AC5E0C0006ACC43 /* WelcomeSheet.swift in Sources */,
				DEEA39CC2B586F3800992592 /* ServerHealth.swift in Sources */,
				A137A37C2AB3D26C00BE1AE0 /* ObservableScrollView.swift in Sources */,
				A16FFF8B2B2E35D200E6AAE2 /* GPU.swift in Sources */,
				A18A8BB32B24FC0400D2197C /* AISettingsView.swift in Sources */,
				209764B92C12A98B001C3BF8 /* ActionManager.swift in Sources */,
				209764B72C1205FE001C3BF8 /* CapsuleButtonStyle.swift in Sources */,
				A1F617562A782E4F00F2048C /* ConversationView.swift in Sources */,
				A13C8C5A2A8FEEE400EC18D8 /* SplashCodeSyntaxHighlighter.swift in Sources */,
				2042424E2C0D534C00D173CF /* IndexStore.swift in Sources */,
				A15D50D42A80BCA900FC1681 /* SettingsView.swift in Sources */,
			);
			runOnlyForDeploymentPostprocessing = 0;
		};
		A1F617342A782AA200F2048C /* Sources */ = {
			isa = PBXSourcesBuildPhase;
			buildActionMask = 2147483647;
			files = (
				A1156D312AD09FDD00081313 /* PromptTemplateTests.swift in Sources */,
			);
			runOnlyForDeploymentPostprocessing = 0;
		};
		A1F6173E2A782AA200F2048C /* Sources */ = {
			isa = PBXSourcesBuildPhase;
			buildActionMask = 2147483647;
			files = (
				A1F617472A782AA200F2048C /* FreeChatUITests.swift in Sources */,
				A1F617492A782AA200F2048C /* FreeChatUITestsLaunchTests.swift in Sources */,
			);
			runOnlyForDeploymentPostprocessing = 0;
		};
/* End PBXSourcesBuildPhase section */

/* Begin PBXTargetDependency section */
		A17A2E082A798F4C006CDD90 /* PBXTargetDependency */ = {
			isa = PBXTargetDependency;
			productRef = A17A2E072A798F4C006CDD90 /* NPC */;
		};
		A1A286FB2A7E1ACD0004967A /* PBXTargetDependency */ = {
			isa = PBXTargetDependency;
			target = A1A286F12A7E17750004967A /* server-watchdog */;
			targetProxy = A1A286FA2A7E1ACD0004967A /* PBXContainerItemProxy */;
		};
		A1F6173A2A782AA200F2048C /* PBXTargetDependency */ = {
			isa = PBXTargetDependency;
			target = A1F617212A782AA100F2048C /* FileChat */;
			targetProxy = A1F617392A782AA200F2048C /* PBXContainerItemProxy */;
		};
		A1F617442A782AA200F2048C /* PBXTargetDependency */ = {
			isa = PBXTargetDependency;
			target = A1F617212A782AA100F2048C /* FileChat */;
			targetProxy = A1F617432A782AA200F2048C /* PBXContainerItemProxy */;
		};
/* End PBXTargetDependency section */

/* Begin XCBuildConfiguration section */
		A1A286F72A7E17750004967A /* Debug */ = {
			isa = XCBuildConfiguration;
			buildSettings = {
				CODE_SIGN_ENTITLEMENTS = "server-watchdog.entitlements";
				"CODE_SIGN_IDENTITY[sdk=macosx*]" = "Apple Development";
				CODE_SIGN_INJECT_BASE_ENTITLEMENTS = NO;
				CODE_SIGN_STYLE = Automatic;
				DEVELOPMENT_TEAM = KM2C4ZAVPJ;
				ENABLE_HARDENED_RUNTIME = YES;
				OTHER_CODE_SIGN_FLAGS = "$(inherited) -i $(PRODUCT_BUNDLE_IDENTIFIER)";
				PRODUCT_BUNDLE_IDENTIFIER = com.pattonium.scripts.Chats.watchdog;
				PRODUCT_NAME = "$(TARGET_NAME)";
				SKIP_INSTALL = YES;
				SWIFT_VERSION = 5.0;
			};
			name = Debug;
		};
		A1A286F82A7E17750004967A /* Release */ = {
			isa = XCBuildConfiguration;
			buildSettings = {
				CODE_SIGN_ENTITLEMENTS = "server-watchdog.entitlements";
				CODE_SIGN_INJECT_BASE_ENTITLEMENTS = NO;
				CODE_SIGN_STYLE = Automatic;
				DEVELOPMENT_TEAM = KM2C4ZAVPJ;
				ENABLE_HARDENED_RUNTIME = YES;
				OTHER_CODE_SIGN_FLAGS = "$(inherited) -i $(PRODUCT_BUNDLE_IDENTIFIER)";
				PRODUCT_BUNDLE_IDENTIFIER = com.pattonium.scripts.Chats.watchdog;
				PRODUCT_NAME = "$(TARGET_NAME)";
				SKIP_INSTALL = YES;
				SWIFT_VERSION = 5.0;
			};
			name = Release;
		};
		A1F6174A2A782AA200F2048C /* Debug */ = {
			isa = XCBuildConfiguration;
			buildSettings = {
				ALWAYS_SEARCH_USER_PATHS = NO;
				ASSETCATALOG_COMPILER_GENERATE_SWIFT_ASSET_SYMBOL_EXTENSIONS = YES;
				CLANG_ANALYZER_NONNULL = YES;
				CLANG_ANALYZER_NUMBER_OBJECT_CONVERSION = YES_AGGRESSIVE;
				CLANG_CXX_LANGUAGE_STANDARD = "gnu++20";
				CLANG_ENABLE_MODULES = YES;
				CLANG_ENABLE_OBJC_ARC = YES;
				CLANG_ENABLE_OBJC_WEAK = YES;
				CLANG_WARN_BLOCK_CAPTURE_AUTORELEASING = YES;
				CLANG_WARN_BOOL_CONVERSION = YES;
				CLANG_WARN_COMMA = YES;
				CLANG_WARN_CONSTANT_CONVERSION = YES;
				CLANG_WARN_DEPRECATED_OBJC_IMPLEMENTATIONS = YES;
				CLANG_WARN_DIRECT_OBJC_ISA_USAGE = YES_ERROR;
				CLANG_WARN_DOCUMENTATION_COMMENTS = YES;
				CLANG_WARN_EMPTY_BODY = YES;
				CLANG_WARN_ENUM_CONVERSION = YES;
				CLANG_WARN_INFINITE_RECURSION = YES;
				CLANG_WARN_INT_CONVERSION = YES;
				CLANG_WARN_NON_LITERAL_NULL_CONVERSION = YES;
				CLANG_WARN_OBJC_IMPLICIT_RETAIN_SELF = YES;
				CLANG_WARN_OBJC_LITERAL_CONVERSION = YES;
				CLANG_WARN_OBJC_ROOT_CLASS = YES_ERROR;
				CLANG_WARN_QUOTED_INCLUDE_IN_FRAMEWORK_HEADER = YES;
				CLANG_WARN_RANGE_LOOP_ANALYSIS = YES;
				CLANG_WARN_STRICT_PROTOTYPES = YES;
				CLANG_WARN_SUSPICIOUS_MOVE = YES;
				CLANG_WARN_UNGUARDED_AVAILABILITY = YES_AGGRESSIVE;
				CLANG_WARN_UNREACHABLE_CODE = YES;
				CLANG_WARN__DUPLICATE_METHOD_MATCH = YES;
				COPY_PHASE_STRIP = NO;
				DEAD_CODE_STRIPPING = YES;
				DEBUG_INFORMATION_FORMAT = dwarf;
				ENABLE_STRICT_OBJC_MSGSEND = YES;
				ENABLE_TESTABILITY = YES;
				ENABLE_USER_SCRIPT_SANDBOXING = YES;
				GCC_C_LANGUAGE_STANDARD = gnu11;
				GCC_DYNAMIC_NO_PIC = NO;
				GCC_NO_COMMON_BLOCKS = YES;
				GCC_OPTIMIZATION_LEVEL = 0;
				GCC_PREPROCESSOR_DEFINITIONS = (
					"DEBUG=1",
					"$(inherited)",
				);
				GCC_WARN_64_TO_32_BIT_CONVERSION = YES;
				GCC_WARN_ABOUT_RETURN_TYPE = YES_ERROR;
				GCC_WARN_UNDECLARED_SELECTOR = YES;
				GCC_WARN_UNINITIALIZED_AUTOS = YES_AGGRESSIVE;
				GCC_WARN_UNUSED_FUNCTION = YES;
				GCC_WARN_UNUSED_VARIABLE = YES;
				MACOSX_DEPLOYMENT_TARGET = 13.0;
				MTL_ENABLE_DEBUG_INFO = INCLUDE_SOURCE;
				MTL_FAST_MATH = YES;
				ONLY_ACTIVE_ARCH = YES;
				SDKROOT = macosx;
				SWIFT_ACTIVE_COMPILATION_CONDITIONS = DEBUG;
				SWIFT_OPTIMIZATION_LEVEL = "-Onone";
			};
			name = Debug;
		};
		A1F6174B2A782AA200F2048C /* Release */ = {
			isa = XCBuildConfiguration;
			buildSettings = {
				ALWAYS_SEARCH_USER_PATHS = NO;
				ASSETCATALOG_COMPILER_GENERATE_SWIFT_ASSET_SYMBOL_EXTENSIONS = YES;
				CLANG_ANALYZER_NONNULL = YES;
				CLANG_ANALYZER_NUMBER_OBJECT_CONVERSION = YES_AGGRESSIVE;
				CLANG_CXX_LANGUAGE_STANDARD = "gnu++20";
				CLANG_ENABLE_MODULES = YES;
				CLANG_ENABLE_OBJC_ARC = YES;
				CLANG_ENABLE_OBJC_WEAK = YES;
				CLANG_WARN_BLOCK_CAPTURE_AUTORELEASING = YES;
				CLANG_WARN_BOOL_CONVERSION = YES;
				CLANG_WARN_COMMA = YES;
				CLANG_WARN_CONSTANT_CONVERSION = YES;
				CLANG_WARN_DEPRECATED_OBJC_IMPLEMENTATIONS = YES;
				CLANG_WARN_DIRECT_OBJC_ISA_USAGE = YES_ERROR;
				CLANG_WARN_DOCUMENTATION_COMMENTS = YES;
				CLANG_WARN_EMPTY_BODY = YES;
				CLANG_WARN_ENUM_CONVERSION = YES;
				CLANG_WARN_INFINITE_RECURSION = YES;
				CLANG_WARN_INT_CONVERSION = YES;
				CLANG_WARN_NON_LITERAL_NULL_CONVERSION = YES;
				CLANG_WARN_OBJC_IMPLICIT_RETAIN_SELF = YES;
				CLANG_WARN_OBJC_LITERAL_CONVERSION = YES;
				CLANG_WARN_OBJC_ROOT_CLASS = YES_ERROR;
				CLANG_WARN_QUOTED_INCLUDE_IN_FRAMEWORK_HEADER = YES;
				CLANG_WARN_RANGE_LOOP_ANALYSIS = YES;
				CLANG_WARN_STRICT_PROTOTYPES = YES;
				CLANG_WARN_SUSPICIOUS_MOVE = YES;
				CLANG_WARN_UNGUARDED_AVAILABILITY = YES_AGGRESSIVE;
				CLANG_WARN_UNREACHABLE_CODE = YES;
				CLANG_WARN__DUPLICATE_METHOD_MATCH = YES;
				COPY_PHASE_STRIP = NO;
				DEAD_CODE_STRIPPING = YES;
				DEBUG_INFORMATION_FORMAT = "dwarf-with-dsym";
				ENABLE_NS_ASSERTIONS = NO;
				ENABLE_STRICT_OBJC_MSGSEND = YES;
				ENABLE_USER_SCRIPT_SANDBOXING = YES;
				GCC_C_LANGUAGE_STANDARD = gnu11;
				GCC_NO_COMMON_BLOCKS = YES;
				GCC_WARN_64_TO_32_BIT_CONVERSION = YES;
				GCC_WARN_ABOUT_RETURN_TYPE = YES_ERROR;
				GCC_WARN_UNDECLARED_SELECTOR = YES;
				GCC_WARN_UNINITIALIZED_AUTOS = YES_AGGRESSIVE;
				GCC_WARN_UNUSED_FUNCTION = YES;
				GCC_WARN_UNUSED_VARIABLE = YES;
				MACOSX_DEPLOYMENT_TARGET = 13.0;
				MTL_ENABLE_DEBUG_INFO = NO;
				MTL_FAST_MATH = YES;
				SDKROOT = macosx;
				SWIFT_COMPILATION_MODE = wholemodule;
				SWIFT_OPTIMIZATION_LEVEL = "-O";
			};
			name = Release;
		};
		A1F6174D2A782AA200F2048C /* Debug */ = {
			isa = XCBuildConfiguration;
			buildSettings = {
				ASSETCATALOG_COMPILER_APPICON_NAME = AppIcon;
				ASSETCATALOG_COMPILER_GLOBAL_ACCENT_COLOR_NAME = AccentColor;
				CODE_SIGN_ENTITLEMENTS = FreeChat/FreeChat.entitlements;
				CODE_SIGN_IDENTITY = "Apple Development";
				CODE_SIGN_STYLE = Automatic;
				COMBINE_HIDPI_IMAGES = YES;
				CURRENT_PROJECT_VERSION = 1;
				DEAD_CODE_STRIPPING = YES;
				DEVELOPMENT_ASSET_PATHS = "\"FreeChat/Preview Content\"";
				DEVELOPMENT_TEAM = KM2C4ZAVPJ;
				ENABLE_APP_SANDBOX = YES;
				ENABLE_HARDENED_RUNTIME = YES;
				ENABLE_PREVIEWS = YES;
				GENERATE_INFOPLIST_FILE = YES;
				INFOPLIST_FILE = FreeChat/Info.plist;
				INFOPLIST_KEY_CFBundleDisplayName = FileChat;
				INFOPLIST_KEY_LSApplicationCategoryType = "public.app-category.utilities";
				INFOPLIST_KEY_LSUIElement = NO;
				INFOPLIST_KEY_NSHumanReadableCopyright = "@Copyright 2024, johnbean393";
				INFOPLIST_KEY_NSMicrophoneUsageDescription = "Microphone access needed for built-in dictation feature.";
				INFOPLIST_KEY_NSSpeechRecognitionUsageDescription = "Speech recognition needed for built-in dictation feature.";
				LD_RUNPATH_SEARCH_PATHS = (
					"$(inherited)",
					"@executable_path/../Frameworks",
				);
				MACOSX_DEPLOYMENT_TARGET = 13.0;
				MARKETING_VERSION = 1.0.10;
				PRODUCT_BUNDLE_IDENTIFIER = com.pattonium.scripts.FileChat;
				PRODUCT_NAME = "$(TARGET_NAME)";
				PROVISIONING_PROFILE_SPECIFIER = "";
				SWIFT_EMIT_LOC_STRINGS = YES;
				SWIFT_STRICT_CONCURRENCY = targeted;
				SWIFT_VERSION = 5.0;
			};
			name = Debug;
		};
		A1F6174E2A782AA200F2048C /* Release */ = {
			isa = XCBuildConfiguration;
			buildSettings = {
				ASSETCATALOG_COMPILER_APPICON_NAME = AppIcon;
				ASSETCATALOG_COMPILER_GLOBAL_ACCENT_COLOR_NAME = AccentColor;
				CODE_SIGN_ENTITLEMENTS = FreeChat/FreeChat.entitlements;
				CODE_SIGN_IDENTITY = "Apple Development";
				CODE_SIGN_STYLE = Automatic;
				COMBINE_HIDPI_IMAGES = YES;
				CURRENT_PROJECT_VERSION = 1;
				DEAD_CODE_STRIPPING = YES;
				DEVELOPMENT_ASSET_PATHS = "\"FreeChat/Preview Content\"";
				DEVELOPMENT_TEAM = KM2C4ZAVPJ;
				ENABLE_APP_SANDBOX = YES;
				ENABLE_HARDENED_RUNTIME = YES;
				ENABLE_PREVIEWS = YES;
				EXCLUDED_ARCHS = "";
				"EXCLUDED_ARCHS[sdk=*]" = x86_64;
				GENERATE_INFOPLIST_FILE = YES;
				INFOPLIST_FILE = FreeChat/Info.plist;
				INFOPLIST_KEY_CFBundleDisplayName = FileChat;
				INFOPLIST_KEY_LSApplicationCategoryType = "public.app-category.utilities";
				INFOPLIST_KEY_LSUIElement = NO;
				INFOPLIST_KEY_NSHumanReadableCopyright = "@Copyright 2024, johnbean393";
				INFOPLIST_KEY_NSMicrophoneUsageDescription = "Microphone access needed for built-in dictation feature.";
				INFOPLIST_KEY_NSSpeechRecognitionUsageDescription = "Speech recognition needed for built-in dictation feature.";
				LD_RUNPATH_SEARCH_PATHS = (
					"$(inherited)",
					"@executable_path/../Frameworks",
				);
				MACOSX_DEPLOYMENT_TARGET = 13.0;
				MARKETING_VERSION = 1.0.10;
				PRODUCT_BUNDLE_IDENTIFIER = com.pattonium.scripts.FileChat;
				PRODUCT_NAME = "$(TARGET_NAME)";
				PROVISIONING_PROFILE_SPECIFIER = "";
				SWIFT_EMIT_LOC_STRINGS = YES;
				SWIFT_STRICT_CONCURRENCY = targeted;
				SWIFT_VERSION = 5.0;
			};
			name = Release;
		};
		A1F617502A782AA200F2048C /* Debug */ = {
			isa = XCBuildConfiguration;
			buildSettings = {
				ALWAYS_EMBED_SWIFT_STANDARD_LIBRARIES = YES;
				BUNDLE_LOADER = "$(TEST_HOST)";
				CODE_SIGN_STYLE = Automatic;
				CURRENT_PROJECT_VERSION = 1;
				DEAD_CODE_STRIPPING = YES;
				DEVELOPMENT_TEAM = KM2C4ZAVPJ;
				GENERATE_INFOPLIST_FILE = YES;
				MACOSX_DEPLOYMENT_TARGET = 14.0;
				MARKETING_VERSION = 1.0;
				PRODUCT_BUNDLE_IDENTIFIER = "com.npc-pet.MantrasTests";
				PRODUCT_NAME = "$(TARGET_NAME)";
				SWIFT_EMIT_LOC_STRINGS = NO;
				SWIFT_STRICT_CONCURRENCY = minimal;
				SWIFT_VERSION = 5.0;
				TEST_HOST = "$(BUILT_PRODUCTS_DIR)/FileChat.app/$(BUNDLE_EXECUTABLE_FOLDER_PATH)/FileChat";
			};
			name = Debug;
		};
		A1F617512A782AA200F2048C /* Release */ = {
			isa = XCBuildConfiguration;
			buildSettings = {
				ALWAYS_EMBED_SWIFT_STANDARD_LIBRARIES = YES;
				BUNDLE_LOADER = "$(TEST_HOST)";
				CODE_SIGN_STYLE = Automatic;
				CURRENT_PROJECT_VERSION = 1;
				DEAD_CODE_STRIPPING = YES;
				DEVELOPMENT_TEAM = KM2C4ZAVPJ;
				GENERATE_INFOPLIST_FILE = YES;
				MACOSX_DEPLOYMENT_TARGET = 14.0;
				MARKETING_VERSION = 1.0;
				PRODUCT_BUNDLE_IDENTIFIER = "com.npc-pet.MantrasTests";
				PRODUCT_NAME = "$(TARGET_NAME)";
				SWIFT_EMIT_LOC_STRINGS = NO;
				SWIFT_STRICT_CONCURRENCY = minimal;
				SWIFT_VERSION = 5.0;
				TEST_HOST = "$(BUILT_PRODUCTS_DIR)/FileChat.app/$(BUNDLE_EXECUTABLE_FOLDER_PATH)/FileChat";
			};
			name = Release;
		};
		A1F617532A782AA200F2048C /* Debug */ = {
			isa = XCBuildConfiguration;
			buildSettings = {
				ALWAYS_EMBED_SWIFT_STANDARD_LIBRARIES = YES;
				CODE_SIGN_STYLE = Automatic;
				CURRENT_PROJECT_VERSION = 1;
				DEAD_CODE_STRIPPING = YES;
				DEVELOPMENT_TEAM = 6577JALN5F;
				GENERATE_INFOPLIST_FILE = YES;
				MARKETING_VERSION = 1.0;
				PRODUCT_BUNDLE_IDENTIFIER = "com.npc-pet.MantrasUITests";
				PRODUCT_NAME = "$(TARGET_NAME)";
				PROVISIONING_PROFILE = "";
				SWIFT_EMIT_LOC_STRINGS = NO;
				SWIFT_VERSION = 5.0;
				TEST_TARGET_NAME = FreeChat;
			};
			name = Debug;
		};
		A1F617542A782AA200F2048C /* Release */ = {
			isa = XCBuildConfiguration;
			buildSettings = {
				ALWAYS_EMBED_SWIFT_STANDARD_LIBRARIES = YES;
				CODE_SIGN_STYLE = Automatic;
				CURRENT_PROJECT_VERSION = 1;
				DEAD_CODE_STRIPPING = YES;
				DEVELOPMENT_TEAM = 6577JALN5F;
				GENERATE_INFOPLIST_FILE = YES;
				MARKETING_VERSION = 1.0;
				PRODUCT_BUNDLE_IDENTIFIER = "com.npc-pet.MantrasUITests";
				PRODUCT_NAME = "$(TARGET_NAME)";
				PROVISIONING_PROFILE = "";
				SWIFT_EMIT_LOC_STRINGS = NO;
				SWIFT_VERSION = 5.0;
				TEST_TARGET_NAME = FreeChat;
			};
			name = Release;
		};
/* End XCBuildConfiguration section */

/* Begin XCConfigurationList section */
		A1A286F62A7E17750004967A /* Build configuration list for PBXNativeTarget "server-watchdog" */ = {
			isa = XCConfigurationList;
			buildConfigurations = (
				A1A286F72A7E17750004967A /* Debug */,
				A1A286F82A7E17750004967A /* Release */,
			);
			defaultConfigurationIsVisible = 0;
			defaultConfigurationName = Release;
		};
		A1F6171D2A782AA100F2048C /* Build configuration list for PBXProject "FileChat" */ = {
			isa = XCConfigurationList;
			buildConfigurations = (
				A1F6174A2A782AA200F2048C /* Debug */,
				A1F6174B2A782AA200F2048C /* Release */,
			);
			defaultConfigurationIsVisible = 0;
			defaultConfigurationName = Release;
		};
		A1F6174C2A782AA200F2048C /* Build configuration list for PBXNativeTarget "FileChat" */ = {
			isa = XCConfigurationList;
			buildConfigurations = (
				A1F6174D2A782AA200F2048C /* Debug */,
				A1F6174E2A782AA200F2048C /* Release */,
			);
			defaultConfigurationIsVisible = 0;
			defaultConfigurationName = Release;
		};
		A1F6174F2A782AA200F2048C /* Build configuration list for PBXNativeTarget "FileChatTests" */ = {
			isa = XCConfigurationList;
			buildConfigurations = (
				A1F617502A782AA200F2048C /* Debug */,
				A1F617512A782AA200F2048C /* Release */,
			);
			defaultConfigurationIsVisible = 0;
			defaultConfigurationName = Release;
		};
		A1F617522A782AA200F2048C /* Build configuration list for PBXNativeTarget "FileChatUITests" */ = {
			isa = XCConfigurationList;
			buildConfigurations = (
				A1F617532A782AA200F2048C /* Debug */,
				A1F617542A782AA200F2048C /* Release */,
			);
			defaultConfigurationIsVisible = 0;
			defaultConfigurationName = Release;
		};
/* End XCConfigurationList section */

/* Begin XCRemoteSwiftPackageReference section */
		204242502C0D54AA00D173CF /* XCRemoteSwiftPackageReference "similarity-search-kit" */ = {
			isa = XCRemoteSwiftPackageReference;
			repositoryURL = "https://github.com/johnbean393/similarity-search-kit";
			requirement = {
				branch = main;
				kind = branch;
			};
		};
		204242562C0D563100D173CF /* XCRemoteSwiftPackageReference "ExtensionKit" */ = {
			isa = XCRemoteSwiftPackageReference;
			repositoryURL = "https://github.com/johnbean393/ExtensionKit";
			requirement = {
				branch = main;
				kind = branch;
			};
		};
		2042425C2C0D5BEE00D173CF /* XCRemoteSwiftPackageReference "applegpuinfo" */ = {
			isa = XCRemoteSwiftPackageReference;
			repositoryURL = "https://github.com/philipturner/applegpuinfo";
			requirement = {
				branch = main;
				kind = branch;
			};
		};
		204242612C0DB5C100D173CF /* XCRemoteSwiftPackageReference "BezelNotification" */ = {
			isa = XCRemoteSwiftPackageReference;
			repositoryURL = "https://github.com/Yalir/BezelNotification.git";
			requirement = {
				kind = upToNextMajorVersion;
				minimumVersion = 1.1.0;
			};
		};
		20884D182C7DA2BC00B127E1 /* XCRemoteSwiftPackageReference "swift-markdown-ui" */ = {
			isa = XCRemoteSwiftPackageReference;
			repositoryURL = "https://github.com/gonzalezreal/swift-markdown-ui";
			requirement = {
				kind = exactVersion;
				version = 2.4.0;
			};
		};
		209764BF2C12B2BF001C3BF8 /* XCRemoteSwiftPackageReference "SQLite.swift" */ = {
			isa = XCRemoteSwiftPackageReference;
			repositoryURL = "https://github.com/stephencelis/SQLite.swift.git";
			requirement = {
				kind = upToNextMajorVersion;
				minimumVersion = 0.15.3;
			};
		};
		20C3ED882C116D6F00097FBF /* XCRemoteSwiftPackageReference "SwiftUI-Shimmer" */ = {
			isa = XCRemoteSwiftPackageReference;
			repositoryURL = "https://github.com/markiv/SwiftUI-Shimmer";
			requirement = {
				kind = upToNextMajorVersion;
				minimumVersion = 1.5.0;
			};
		};
		A137A38A2AB6B2F800BE1AE0 /* XCRemoteSwiftPackageReference "KeyboardShortcuts" */ = {
			isa = XCRemoteSwiftPackageReference;
			repositoryURL = "https://github.com/sindresorhus/KeyboardShortcuts";
			requirement = {
				kind = upToNextMajorVersion;
				minimumVersion = 1.0.0;
			};
		};
		A13C8C5B2A8FEF0600EC18D8 /* XCRemoteSwiftPackageReference "Splash" */ = {
			isa = XCRemoteSwiftPackageReference;
			repositoryURL = "https://github.com/JohnSundell/Splash";
			requirement = {
				kind = upToNextMajorVersion;
				minimumVersion = 0.16.0;
			};
		};
		A17A2E1D2A79A075006CDD90 /* XCRemoteSwiftPackageReference "EventSource" */ = {
			isa = XCRemoteSwiftPackageReference;
			repositoryURL = "https://github.com/Recouse/EventSource.git";
			requirement = {
				kind = upToNextMajorVersion;
				minimumVersion = 0.0.5;
			};
		};
/* End XCRemoteSwiftPackageReference section */

/* Begin XCSwiftPackageProductDependency section */
		204242512C0D54AA00D173CF /* SimilaritySearchKit */ = {
			isa = XCSwiftPackageProductDependency;
			package = 204242502C0D54AA00D173CF /* XCRemoteSwiftPackageReference "similarity-search-kit" */;
			productName = SimilaritySearchKit;
		};
		204242532C0D54AA00D173CF /* SimilaritySearchKitDistilbert */ = {
			isa = XCSwiftPackageProductDependency;
			package = 204242502C0D54AA00D173CF /* XCRemoteSwiftPackageReference "similarity-search-kit" */;
			productName = SimilaritySearchKitDistilbert;
		};
		204242572C0D563100D173CF /* ExtensionKit */ = {
			isa = XCSwiftPackageProductDependency;
			package = 204242562C0D563100D173CF /* XCRemoteSwiftPackageReference "ExtensionKit" */;
			productName = ExtensionKit;
		};
		2042425D2C0D5BEE00D173CF /* AppleGPUInfo */ = {
			isa = XCSwiftPackageProductDependency;
			package = 2042425C2C0D5BEE00D173CF /* XCRemoteSwiftPackageReference "applegpuinfo" */;
			productName = AppleGPUInfo;
		};
		204242622C0DB5C100D173CF /* BezelNotification */ = {
			isa = XCSwiftPackageProductDependency;
			package = 204242612C0DB5C100D173CF /* XCRemoteSwiftPackageReference "BezelNotification" */;
			productName = BezelNotification;
		};
		20884D192C7DA2BC00B127E1 /* MarkdownUI */ = {
			isa = XCSwiftPackageProductDependency;
			package = 20884D182C7DA2BC00B127E1 /* XCRemoteSwiftPackageReference "swift-markdown-ui" */;
			productName = MarkdownUI;
		};
		209764C02C12B2BF001C3BF8 /* SQLite */ = {
			isa = XCSwiftPackageProductDependency;
			package = 209764BF2C12B2BF001C3BF8 /* XCRemoteSwiftPackageReference "SQLite.swift" */;
			productName = SQLite;
		};
		20C3ED892C116D6F00097FBF /* Shimmer */ = {
			isa = XCSwiftPackageProductDependency;
			package = 20C3ED882C116D6F00097FBF /* XCRemoteSwiftPackageReference "SwiftUI-Shimmer" */;
			productName = Shimmer;
		};
		A137A38B2AB6B2F800BE1AE0 /* KeyboardShortcuts */ = {
			isa = XCSwiftPackageProductDependency;
			package = A137A38A2AB6B2F800BE1AE0 /* XCRemoteSwiftPackageReference "KeyboardShortcuts" */;
			productName = KeyboardShortcuts;
		};
		A13C8C5C2A8FEF0600EC18D8 /* Splash */ = {
			isa = XCSwiftPackageProductDependency;
			package = A13C8C5B2A8FEF0600EC18D8 /* XCRemoteSwiftPackageReference "Splash" */;
			productName = Splash;
		};
		A17A2E072A798F4C006CDD90 /* NPC */ = {
			isa = XCSwiftPackageProductDependency;
			productName = NPC;
		};
		A17A2E1E2A79A075006CDD90 /* EventSource */ = {
			isa = XCSwiftPackageProductDependency;
			package = A17A2E1D2A79A075006CDD90 /* XCRemoteSwiftPackageReference "EventSource" */;
			productName = EventSource;
		};
/* End XCSwiftPackageProductDependency section */

/* Begin XCVersionGroup section */
		A1F617302A782AA200F2048C /* Chats.xcdatamodeld */ = {
			isa = XCVersionGroup;
			children = (
				A1F617312A782AA200F2048C /* Mantras.xcdatamodel */,
			);
			currentVersion = A1F617312A782AA200F2048C /* Mantras.xcdatamodel */;
			path = Chats.xcdatamodeld;
			sourceTree = "<group>";
			versionGroupType = wrapper.xcdatamodel;
		};
/* End XCVersionGroup section */
	};
	rootObject = A1F6171A2A782AA100F2048C /* Project object */;
}
